
Microsoft Visual Studio Solution File, Format Version 12.00
Project("{2150E333-8FDC-42A3-9474-1A3956D46DE8}") = "DataProviders", "DataProviders", "{97E9B97C-8A4A-4385-9E89-A34EC1DA8A21}"
EndProject
Project("{2150E333-8FDC-42A3-9474-1A3956D46DE8}") = "Domain", "Domain", "{8FBEA132-415A-4594-9177-B5EA13B75E92}"
EndProject
Project("{2150E333-8FDC-42A3-9474-1A3956D46DE8}") = "EntryPoints", "EntryPoints", "{DB79232D-6241-47AD-8C40-C6E8CD3847C7}"
EndProject
Project("{2150E333-8FDC-42A3-9474-1A3956D46DE8}") = "UnitTests", "UnitTests", "{2C2B73C5-567E-44A1-99E5-60AFCDCEE618}"
EndProject
Project("{FAE04EC0-301F-11D3-BF4B-00C04F79EFBC}") = "UniversiteDomain", "UniversiteDomain\UniversiteDomain.csproj", "{8A590921-0ED2-4150-A5C6-E2CEBE625CD6}"
EndProject
Global
	GlobalSection(SolutionConfigurationPlatforms) = preSolution
		Debug|Any CPU = Debug|Any CPU
		Release|Any CPU = Release|Any CPU
	EndGlobalSection
	GlobalSection(NestedProjects) = preSolution
		{8A590921-0ED2-4150-A5C6-E2CEBE625CD6} = {8FBEA132-415A-4594-9177-B5EA13B75E92}
	EndGlobalSection
	GlobalSection(ProjectConfigurationPlatforms) = postSolution
		{8A590921-0ED2-4150-A5C6-E2CEBE625CD6}.Debug|Any CPU.ActiveCfg = Debug|Any CPU
		{8A590921-0ED2-4150-A5C6-E2CEBE625CD6}.Debug|Any CPU.Build.0 = Debug|Any CPU
		{8A590921-0ED2-4150-A5C6-E2CEBE625CD6}.Release|Any CPU.ActiveCfg = Release|Any CPU
		{8A590921-0ED2-4150-A5C6-E2CEBE625CD6}.Release|Any CPU.Build.0 = Release|Any CPU
	EndGlobalSection
EndGlobal
